// !$*UTF8*$!
{
	archiveVersion = 1;
	classes = {
	};
	objectVersion = 46;
	objects = {

/* Begin PBXBuildFile section */
		CC16BD88140154B5004AC387 /* Cocoa.framework in Frameworks */ = {isa = PBXBuildFile; fileRef = CC16BD87140154B5004AC387 /* Cocoa.framework */; };
		CC16BD92140154B5004AC387 /* InfoPlist.strings in Resources */ = {isa = PBXBuildFile; fileRef = CC16BD90140154B5004AC387 /* InfoPlist.strings */; };
		CC16BD94140154B5004AC387 /* main.m in Sources */ = {isa = PBXBuildFile; fileRef = CC16BD93140154B5004AC387 /* main.m */; };
		CC16BD98140154B5004AC387 /* Credits.rtf in Resources */ = {isa = PBXBuildFile; fileRef = CC16BD96140154B5004AC387 /* Credits.rtf */; };
		CC16BD9B140154B5004AC387 /* OpenLibraDesktopAppDelegate.m in Sources */ = {isa = PBXBuildFile; fileRef = CC16BD9A140154B5004AC387 /* OpenLibraDesktopAppDelegate.m */; };
		CC16BD9E140154B6004AC387 /* MainMenu.xib in Resources */ = {isa = PBXBuildFile; fileRef = CC16BD9C140154B6004AC387 /* MainMenu.xib */; };
		CC16BDA6140154B6004AC387 /* SenTestingKit.framework in Frameworks */ = {isa = PBXBuildFile; fileRef = CC16BDA5140154B6004AC387 /* SenTestingKit.framework */; };
		CC16BDA7140154B6004AC387 /* Cocoa.framework in Frameworks */ = {isa = PBXBuildFile; fileRef = CC16BD87140154B5004AC387 /* Cocoa.framework */; };
		CC16BDAF140154B6004AC387 /* InfoPlist.strings in Resources */ = {isa = PBXBuildFile; fileRef = CC16BDAD140154B6004AC387 /* InfoPlist.strings */; };
		CC16BDB1140154B6004AC387 /* OpenLibraDesktopTests.h in Resources */ = {isa = PBXBuildFile; fileRef = CC16BDB0140154B6004AC387 /* OpenLibraDesktopTests.h */; };
		CC16BDB3140154B6004AC387 /* OpenLibraDesktopTests.m in Sources */ = {isa = PBXBuildFile; fileRef = CC16BDB2140154B6004AC387 /* OpenLibraDesktopTests.m */; };
		CCA099BA1404431B0069F761 /* MacOpenLibraClient.dylib in Frameworks */ = {isa = PBXBuildFile; fileRef = CCA099B91404431B0069F761 /* MacOpenLibraClient.dylib */; };
/* End PBXBuildFile section */

/* Begin PBXContainerItemProxy section */
		CC16BDA8140154B6004AC387 /* PBXContainerItemProxy */ = {
			isa = PBXContainerItemProxy;
			containerPortal = CC16BD7A140154B5004AC387 /* Project object */;
			proxyType = 1;
			remoteGlobalIDString = CC16BD82140154B5004AC387;
			remoteInfo = OpenLibraDesktop;
		};
/* End PBXContainerItemProxy section */

/* Begin PBXFileReference section */
		CC16BD83140154B5004AC387 /* OpenLibraDesktop.app */ = {isa = PBXFileReference; explicitFileType = wrapper.application; includeInIndex = 0; path = OpenLibraDesktop.app; sourceTree = BUILT_PRODUCTS_DIR; };
		CC16BD87140154B5004AC387 /* Cocoa.framework */ = {isa = PBXFileReference; lastKnownFileType = wrapper.framework; name = Cocoa.framework; path = System/Library/Frameworks/Cocoa.framework; sourceTree = SDKROOT; };
		CC16BD8A140154B5004AC387 /* AppKit.framework */ = {isa = PBXFileReference; lastKnownFileType = wrapper.framework; name = AppKit.framework; path = System/Library/Frameworks/AppKit.framework; sourceTree = SDKROOT; };
		CC16BD8B140154B5004AC387 /* CoreData.framework */ = {isa = PBXFileReference; lastKnownFileType = wrapper.framework; name = CoreData.framework; path = System/Library/Frameworks/CoreData.framework; sourceTree = SDKROOT; };
		CC16BD8C140154B5004AC387 /* Foundation.framework */ = {isa = PBXFileReference; lastKnownFileType = wrapper.framework; name = Foundation.framework; path = System/Library/Frameworks/Foundation.framework; sourceTree = SDKROOT; };
		CC16BD8F140154B5004AC387 /* OpenLibraDesktop-Info.plist */ = {isa = PBXFileReference; lastKnownFileType = text.plist.xml; path = "OpenLibraDesktop-Info.plist"; sourceTree = "<group>"; };
		CC16BD91140154B5004AC387 /* en */ = {isa = PBXFileReference; lastKnownFileType = text.plist.strings; name = en; path = en.lproj/InfoPlist.strings; sourceTree = "<group>"; };
		CC16BD93140154B5004AC387 /* main.m */ = {isa = PBXFileReference; lastKnownFileType = sourcecode.c.objc; path = main.m; sourceTree = "<group>"; };
		CC16BD95140154B5004AC387 /* OpenLibraDesktop-Prefix.pch */ = {isa = PBXFileReference; lastKnownFileType = sourcecode.c.h; path = "OpenLibraDesktop-Prefix.pch"; sourceTree = "<group>"; };
		CC16BD97140154B5004AC387 /* en */ = {isa = PBXFileReference; lastKnownFileType = text.rtf; name = en; path = en.lproj/Credits.rtf; sourceTree = "<group>"; };
		CC16BD99140154B5004AC387 /* OpenLibraDesktopAppDelegate.h */ = {isa = PBXFileReference; lastKnownFileType = sourcecode.c.h; path = OpenLibraDesktopAppDelegate.h; sourceTree = "<group>"; };
		CC16BD9A140154B5004AC387 /* OpenLibraDesktopAppDelegate.m */ = {isa = PBXFileReference; lastKnownFileType = sourcecode.c.objc; path = OpenLibraDesktopAppDelegate.m; sourceTree = "<group>"; };
		CC16BD9D140154B6004AC387 /* en */ = {isa = PBXFileReference; lastKnownFileType = file.xib; name = en; path = en.lproj/MainMenu.xib; sourceTree = "<group>"; };
		CC16BDA4140154B6004AC387 /* OpenLibraDesktopTests.octest */ = {isa = PBXFileReference; explicitFileType = wrapper.cfbundle; includeInIndex = 0; path = OpenLibraDesktopTests.octest; sourceTree = BUILT_PRODUCTS_DIR; };
		CC16BDA5140154B6004AC387 /* SenTestingKit.framework */ = {isa = PBXFileReference; lastKnownFileType = wrapper.framework; name = SenTestingKit.framework; path = Library/Frameworks/SenTestingKit.framework; sourceTree = DEVELOPER_DIR; };
		CC16BDAC140154B6004AC387 /* OpenLibraDesktopTests-Info.plist */ = {isa = PBXFileReference; lastKnownFileType = text.plist.xml; path = "OpenLibraDesktopTests-Info.plist"; sourceTree = "<group>"; };
		CC16BDAE140154B6004AC387 /* en */ = {isa = PBXFileReference; lastKnownFileType = text.plist.strings; name = en; path = en.lproj/InfoPlist.strings; sourceTree = "<group>"; };
		CC16BDB0140154B6004AC387 /* OpenLibraDesktopTests.h */ = {isa = PBXFileReference; lastKnownFileType = sourcecode.c.h; path = OpenLibraDesktopTests.h; sourceTree = "<group>"; };
		CC16BDB2140154B6004AC387 /* OpenLibraDesktopTests.m */ = {isa = PBXFileReference; lastKnownFileType = sourcecode.c.objc; path = OpenLibraDesktopTests.m; sourceTree = "<group>"; };
		CCA099B91404431B0069F761 /* MacOpenLibraClient.dylib */ = {isa = PBXFileReference; lastKnownFileType = "compiled.mach-o.dylib"; name = MacOpenLibraClient.dylib; path = ../OpenLibraClient/build/Release/MacOpenLibraClient.dylib; sourceTree = "<group>"; };
		CCA09A0414044E440069F761 /* OpenLibra.h */ = {isa = PBXFileReference; fileEncoding = 4; lastKnownFileType = sourcecode.c.h; name = OpenLibra.h; path = ../OpenLibraClient/OpenLibraClient/OpenLibra.h; sourceTree = "<group>"; };
/* End PBXFileReference section */

/* Begin PBXFrameworksBuildPhase section */
		CC16BD80140154B5004AC387 /* Frameworks */ = {
			isa = PBXFrameworksBuildPhase;
			buildActionMask = 2147483647;
			files = (
				CCA099BA1404431B0069F761 /* MacOpenLibraClient.dylib in Frameworks */,
				CC16BD88140154B5004AC387 /* Cocoa.framework in Frameworks */,
			);
			runOnlyForDeploymentPostprocessing = 0;
		};
		CC16BDA0140154B6004AC387 /* Frameworks */ = {
			isa = PBXFrameworksBuildPhase;
			buildActionMask = 2147483647;
			files = (
				CC16BDA6140154B6004AC387 /* SenTestingKit.framework in Frameworks */,
				CC16BDA7140154B6004AC387 /* Cocoa.framework in Frameworks */,
			);
			runOnlyForDeploymentPostprocessing = 0;
		};
/* End PBXFrameworksBuildPhase section */

/* Begin PBXGroup section */
		CC16BD78140154B5004AC387 = {
			isa = PBXGroup;
			children = (
				CC16BD8D140154B5004AC387 /* Classes */,
				CC16BDAA140154B6004AC387 /* Tests */,
				CC16BD86140154B5004AC387 /* Frameworks */,
				CC16BD84140154B5004AC387 /* Products */,
			);
			sourceTree = "<group>";
		};
		CC16BD84140154B5004AC387 /* Products */ = {
			isa = PBXGroup;
			children = (
				CC16BD83140154B5004AC387 /* OpenLibraDesktop.app */,
				CC16BDA4140154B6004AC387 /* OpenLibraDesktopTests.octest */,
			);
			name = Products;
			sourceTree = "<group>";
		};
		CC16BD86140154B5004AC387 /* Frameworks */ = {
			isa = PBXGroup;
			children = (
				CCA09A0414044E440069F761 /* OpenLibra.h */,
				CCA099B91404431B0069F761 /* MacOpenLibraClient.dylib */,
				CC16BD87140154B5004AC387 /* Cocoa.framework */,
				CC16BDA5140154B6004AC387 /* SenTestingKit.framework */,
				CC16BD89140154B5004AC387 /* Other Frameworks */,
			);
			name = Frameworks;
			sourceTree = "<group>";
		};
		CC16BD89140154B5004AC387 /* Other Frameworks */ = {
			isa = PBXGroup;
			children = (
				CC16BD8A140154B5004AC387 /* AppKit.framework */,
				CC16BD8B140154B5004AC387 /* CoreData.framework */,
				CC16BD8C140154B5004AC387 /* Foundation.framework */,
			);
			name = "Other Frameworks";
			sourceTree = "<group>";
		};
		CC16BD8D140154B5004AC387 /* Classes */ = {
			isa = PBXGroup;
			children = (
				CC16BD99140154B5004AC387 /* OpenLibraDesktopAppDelegate.h */,
				CC16BD9A140154B5004AC387 /* OpenLibraDesktopAppDelegate.m */,
				CC16BD9C140154B6004AC387 /* MainMenu.xib */,
				CC16BD8E140154B5004AC387 /* Supporting Files */,
			);
			name = Classes;
			path = OpenLibraDesktop;
			sourceTree = "<group>";
		};
		CC16BD8E140154B5004AC387 /* Supporting Files */ = {
			isa = PBXGroup;
			children = (
				CC16BD8F140154B5004AC387 /* OpenLibraDesktop-Info.plist */,
				CC16BD90140154B5004AC387 /* InfoPlist.strings */,
				CC16BD93140154B5004AC387 /* main.m */,
				CC16BD95140154B5004AC387 /* OpenLibraDesktop-Prefix.pch */,
				CC16BD96140154B5004AC387 /* Credits.rtf */,
			);
			name = "Supporting Files";
			sourceTree = "<group>";
		};
		CC16BDAA140154B6004AC387 /* Tests */ = {
			isa = PBXGroup;
			children = (
				CC16BDB0140154B6004AC387 /* OpenLibraDesktopTests.h */,
				CC16BDB2140154B6004AC387 /* OpenLibraDesktopTests.m */,
				CC16BDAB140154B6004AC387 /* Supporting Files */,
			);
			name = Tests;
			path = OpenLibraDesktopTests;
			sourceTree = "<group>";
		};
		CC16BDAB140154B6004AC387 /* Supporting Files */ = {
			isa = PBXGroup;
			children = (
				CC16BDAC140154B6004AC387 /* OpenLibraDesktopTests-Info.plist */,
				CC16BDAD140154B6004AC387 /* InfoPlist.strings */,
			);
			name = "Supporting Files";
			sourceTree = "<group>";
		};
/* End PBXGroup section */

/* Begin PBXNativeTarget section */
		CC16BD82140154B5004AC387 /* OpenLibraDesktop */ = {
			isa = PBXNativeTarget;
			buildConfigurationList = CC16BDB6140154B6004AC387 /* Build configuration list for PBXNativeTarget "OpenLibraDesktop" */;
			buildPhases = (
				CC16BD7F140154B5004AC387 /* Sources */,
				CC16BD80140154B5004AC387 /* Frameworks */,
				CC16BD81140154B5004AC387 /* Resources */,
			);
			buildRules = (
			);
			dependencies = (
			);
			name = OpenLibraDesktop;
			productName = OpenLibraDesktop;
			productReference = CC16BD83140154B5004AC387 /* OpenLibraDesktop.app */;
			productType = "com.apple.product-type.application";
		};
		CC16BDA3140154B6004AC387 /* OpenLibraDesktopTests */ = {
			isa = PBXNativeTarget;
			buildConfigurationList = CC16BDB9140154B6004AC387 /* Build configuration list for PBXNativeTarget "OpenLibraDesktopTests" */;
			buildPhases = (
				CC16BD9F140154B6004AC387 /* Sources */,
				CC16BDA0140154B6004AC387 /* Frameworks */,
				CC16BDA1140154B6004AC387 /* Resources */,
				CC16BDA2140154B6004AC387 /* ShellScript */,
			);
			buildRules = (
			);
			dependencies = (
				CC16BDA9140154B6004AC387 /* PBXTargetDependency */,
			);
			name = OpenLibraDesktopTests;
			productName = OpenLibraDesktopTests;
			productReference = CC16BDA4140154B6004AC387 /* OpenLibraDesktopTests.octest */;
			productType = "com.apple.product-type.bundle";
		};
/* End PBXNativeTarget section */

/* Begin PBXProject section */
		CC16BD7A140154B5004AC387 /* Project object */ = {
			isa = PBXProject;
			buildConfigurationList = CC16BD7D140154B5004AC387 /* Build configuration list for PBXProject "OpenLibraDesktop" */;
			compatibilityVersion = "Xcode 3.2";
			developmentRegion = English;
			hasScannedForEncodings = 0;
			knownRegions = (
				en,
			);
			mainGroup = CC16BD78140154B5004AC387;
			productRefGroup = CC16BD84140154B5004AC387 /* Products */;
			projectDirPath = "";
			projectRoot = "";
			targets = (
				CC16BD82140154B5004AC387 /* OpenLibraDesktop */,
				CC16BDA3140154B6004AC387 /* OpenLibraDesktopTests */,
			);
		};
/* End PBXProject section */

/* Begin PBXResourcesBuildPhase section */
		CC16BD81140154B5004AC387 /* Resources */ = {
			isa = PBXResourcesBuildPhase;
			buildActionMask = 2147483647;
			files = (
				CC16BD92140154B5004AC387 /* InfoPlist.strings in Resources */,
				CC16BD98140154B5004AC387 /* Credits.rtf in Resources */,
				CC16BD9E140154B6004AC387 /* MainMenu.xib in Resources */,
			);
			runOnlyForDeploymentPostprocessing = 0;
		};
		CC16BDA1140154B6004AC387 /* Resources */ = {
			isa = PBXResourcesBuildPhase;
			buildActionMask = 2147483647;
			files = (
				CC16BDAF140154B6004AC387 /* InfoPlist.strings in Resources */,
				CC16BDB1140154B6004AC387 /* OpenLibraDesktopTests.h in Resources */,
			);
			runOnlyForDeploymentPostprocessing = 0;
		};
/* End PBXResourcesBuildPhase section */

/* Begin PBXShellScriptBuildPhase section */
		CC16BDA2140154B6004AC387 /* ShellScript */ = {
			isa = PBXShellScriptBuildPhase;
			buildActionMask = 2147483647;
			files = (
			);
			inputPaths = (
			);
			outputPaths = (
			);
			runOnlyForDeploymentPostprocessing = 0;
			shellPath = /bin/sh;
			shellScript = "# Run the unit tests in this test bundle.\n\"${SYSTEM_DEVELOPER_DIR}/Tools/RunUnitTests\"\n";
		};
/* End PBXShellScriptBuildPhase section */

/* Begin PBXSourcesBuildPhase section */
		CC16BD7F140154B5004AC387 /* Sources */ = {
			isa = PBXSourcesBuildPhase;
			buildActionMask = 2147483647;
			files = (
				CC16BD94140154B5004AC387 /* main.m in Sources */,
				CC16BD9B140154B5004AC387 /* OpenLibraDesktopAppDelegate.m in Sources */,
			);
			runOnlyForDeploymentPostprocessing = 0;
		};
		CC16BD9F140154B6004AC387 /* Sources */ = {
			isa = PBXSourcesBuildPhase;
			buildActionMask = 2147483647;
			files = (
				CC16BDB3140154B6004AC387 /* OpenLibraDesktopTests.m in Sources */,
			);
			runOnlyForDeploymentPostprocessing = 0;
		};
/* End PBXSourcesBuildPhase section */

/* Begin PBXTargetDependency section */
		CC16BDA9140154B6004AC387 /* PBXTargetDependency */ = {
			isa = PBXTargetDependency;
			target = CC16BD82140154B5004AC387 /* OpenLibraDesktop */;
			targetProxy = CC16BDA8140154B6004AC387 /* PBXContainerItemProxy */;
		};
/* End PBXTargetDependency section */

/* Begin PBXVariantGroup section */
		CC16BD90140154B5004AC387 /* InfoPlist.strings */ = {
			isa = PBXVariantGroup;
			children = (
				CC16BD91140154B5004AC387 /* en */,
			);
			name = InfoPlist.strings;
			sourceTree = "<group>";
		};
		CC16BD96140154B5004AC387 /* Credits.rtf */ = {
			isa = PBXVariantGroup;
			children = (
				CC16BD97140154B5004AC387 /* en */,
			);
			name = Credits.rtf;
			sourceTree = "<group>";
		};
		CC16BD9C140154B6004AC387 /* MainMenu.xib */ = {
			isa = PBXVariantGroup;
			children = (
				CC16BD9D140154B6004AC387 /* en */,
			);
			name = MainMenu.xib;
			sourceTree = "<group>";
		};
		CC16BDAD140154B6004AC387 /* InfoPlist.strings */ = {
			isa = PBXVariantGroup;
			children = (
				CC16BDAE140154B6004AC387 /* en */,
			);
			name = InfoPlist.strings;
			sourceTree = "<group>";
		};
/* End PBXVariantGroup section */

/* Begin XCBuildConfiguration section */
		CC16BDB4140154B6004AC387 /* Debug */ = {
			isa = XCBuildConfiguration;
			buildSettings = {
				ALWAYS_SEARCH_USER_PATHS = NO;
				ARCHS = "$(ARCHS_STANDARD_64_BIT)";
				COPY_PHASE_STRIP = NO;
				GCC_C_LANGUAGE_STANDARD = gnu99;
				GCC_DYNAMIC_NO_PIC = NO;
				GCC_ENABLE_OBJC_EXCEPTIONS = YES;
				GCC_OPTIMIZATION_LEVEL = 0;
				GCC_PREPROCESSOR_DEFINITIONS = (
					"DEBUG=1",
					"$(inherited)",
				);
				GCC_SYMBOLS_PRIVATE_EXTERN = NO;
				GCC_VERSION = com.apple.compilers.llvm.clang.1_0;
				GCC_WARN_64_TO_32_BIT_CONVERSION = YES;
				GCC_WARN_ABOUT_MISSING_PROTOTYPES = YES;
				GCC_WARN_ABOUT_RETURN_TYPE = YES;
				GCC_WARN_UNUSED_VARIABLE = YES;
				MACOSX_DEPLOYMENT_TARGET = 10.6;
				ONLY_ACTIVE_ARCH = YES;
				SDKROOT = macosx;
			};
			name = Debug;
		};
		CC16BDB5140154B6004AC387 /* Release */ = {
			isa = XCBuildConfiguration;
			buildSettings = {
				ALWAYS_SEARCH_USER_PATHS = NO;
				ARCHS = "$(ARCHS_STANDARD_64_BIT)";
				COPY_PHASE_STRIP = YES;
				DEBUG_INFORMATION_FORMAT = "dwarf-with-dsym";
				GCC_C_LANGUAGE_STANDARD = gnu99;
				GCC_ENABLE_OBJC_EXCEPTIONS = YES;
				GCC_VERSION = com.apple.compilers.llvm.clang.1_0;
				GCC_WARN_64_TO_32_BIT_CONVERSION = YES;
				GCC_WARN_ABOUT_MISSING_PROTOTYPES = YES;
				GCC_WARN_ABOUT_RETURN_TYPE = YES;
				GCC_WARN_UNUSED_VARIABLE = YES;
				MACOSX_DEPLOYMENT_TARGET = 10.6;
				SDKROOT = macosx;
			};
			name = Release;
		};
		CC16BDB7140154B6004AC387 /* Debug */ = {
			isa = XCBuildConfiguration;
			buildSettings = {
				GCC_PRECOMPILE_PREFIX_HEADER = YES;
				GCC_PREFIX_HEADER = "OpenLibraDesktop/OpenLibraDesktop-Prefix.pch";
				INFOPLIST_FILE = "OpenLibraDesktop/OpenLibraDesktop-Info.plist";
				MACOSX_DEPLOYMENT_TARGET = 10.6;
				PRODUCT_NAME = "$(TARGET_NAME)";
				WRAPPER_EXTENSION = app;
			};
			name = Debug;
		};
		CC16BDB8140154B6004AC387 /* Release */ = {
			isa = XCBuildConfiguration;
			buildSettings = {
				GCC_PRECOMPILE_PREFIX_HEADER = YES;
				GCC_PREFIX_HEADER = "OpenLibraDesktop/OpenLibraDesktop-Prefix.pch";
				INFOPLIST_FILE = "OpenLibraDesktop/OpenLibraDesktop-Info.plist";
				MACOSX_DEPLOYMENT_TARGET = 10.6;
				PRODUCT_NAME = "$(TARGET_NAME)";
				WRAPPER_EXTENSION = app;
			};
			name = Release;
		};
		CC16BDBA140154B6004AC387 /* Debug */ = {
			isa = XCBuildConfiguration;
			buildSettings = {
				BUNDLE_LOADER = "$(BUILT_PRODUCTS_DIR)/OpenLibraDesktop.app/Contents/MacOS/OpenLibraDesktop";
				FRAMEWORK_SEARCH_PATHS = "$(DEVELOPER_LIBRARY_DIR)/Frameworks";
				GCC_PRECOMPILE_PREFIX_HEADER = YES;
				GCC_PREFIX_HEADER = "OpenLibraDesktop/OpenLibraDesktop-Prefix.pch";
				INFOPLIST_FILE = "OpenLibraDesktopTests/OpenLibraDesktopTests-Info.plist";
				PRODUCT_NAME = "$(TARGET_NAME)";
				TEST_HOST = "$(BUNDLE_LOADER)";
				WRAPPER_EXTENSION = octest;
			};
			name = Debug;
		};
		CC16BDBB140154B6004AC387 /* Release */ = {
			isa = XCBuildConfiguration;
			buildSettings = {
				BUNDLE_LOADER = "$(BUILT_PRODUCTS_DIR)/OpenLibraDesktop.app/Contents/MacOS/OpenLibraDesktop";
				FRAMEWORK_SEARCH_PATHS = "$(DEVELOPER_LIBRARY_DIR)/Frameworks";
				GCC_PRECOMPILE_PREFIX_HEADER = YES;
				GCC_PREFIX_HEADER = "OpenLibraDesktop/OpenLibraDesktop-Prefix.pch";
				INFOPLIST_FILE = "OpenLibraDesktopTests/OpenLibraDesktopTests-Info.plist";
				PRODUCT_NAME = "$(TARGET_NAME)";
				TEST_HOST = "$(BUNDLE_LOADER)";
				WRAPPER_EXTENSION = octest;
			};
			name = Release;
		};
/* End XCBuildConfiguration section */

/* Begin XCConfigurationList section */
		CC16BD7D140154B5004AC387 /* Build configuration list for PBXProject "OpenLibraDesktop" */ = {
			isa = XCConfigurationList;
			buildConfigurations = (
				CC16BDB4140154B6004AC387 /* Debug */,
				CC16BDB5140154B6004AC387 /* Release */,
			);
			defaultConfigurationIsVisible = 0;
			defaultConfigurationName = Release;
		};
		CC16BDB6140154B6004AC387 /* Build configuration list for PBXNativeTarget "OpenLibraDesktop" */ = {
			isa = XCConfigurationList;
			buildConfigurations = (
				CC16BDB7140154B6004AC387 /* Debug */,
				CC16BDB8140154B6004AC387 /* Release */,
			);
			defaultConfigurationIsVisible = 0;
			defaultConfigurationName = Release;
		};
		CC16BDB9140154B6004AC387 /* Build configuration list for PBXNativeTarget "OpenLibraDesktopTests" */ = {
			isa = XCConfigurationList;
			buildConfigurations = (
				CC16BDBA140154B6004AC387 /* Debug */,
				CC16BDBB140154B6004AC387 /* Release */,
			);
			defaultConfigurationIsVisible = 0;
			defaultConfigurationName = Release;
		};
/* End XCConfigurationList section */
	};
	rootObject = CC16BD7A140154B5004AC387 /* Project object */;
}
