// !$*UTF8*$!
{
	archiveVersion = 1;
	classes = {
	};
	objectVersion = 46;
	objects = {

/* Begin PBXBuildFile section */
		CC16BCEC140106D7004AC387 /* Foundation.framework in Frameworks */ = {isa = PBXBuildFile; fileRef = CC16BCEB140106D7004AC387 /* Foundation.framework */; };
		CC16BCF2140106D7004AC387 /* OpenLibraClient.m in Sources */ = {isa = PBXBuildFile; fileRef = CC16BCF1140106D7004AC387 /* OpenLibraClient.m */; };
		CC16BCFA140106D7004AC387 /* SenTestingKit.framework in Frameworks */ = {isa = PBXBuildFile; fileRef = CC16BCF9140106D7004AC387 /* SenTestingKit.framework */; };
		CC16BCFD140106D7004AC387 /* Foundation.framework in Frameworks */ = {isa = PBXBuildFile; fileRef = CC16BCEB140106D7004AC387 /* Foundation.framework */; };
		CC16BD02140106D7004AC387 /* libOpenLibraClient.a in Frameworks */ = {isa = PBXBuildFile; fileRef = CC16BCE8140106D7004AC387 /* libOpenLibraClient.a */; };
		CC16BD08140106D7004AC387 /* InfoPlist.strings in Resources */ = {isa = PBXBuildFile; fileRef = CC16BD06140106D7004AC387 /* InfoPlist.strings */; };
		CC16BD0A140106D7004AC387 /* OpenLibraClientTests.h in Resources */ = {isa = PBXBuildFile; fileRef = CC16BD09140106D7004AC387 /* OpenLibraClientTests.h */; };
		CC16BD0C140106D7004AC387 /* OpenLibraClientTests.m in Sources */ = {isa = PBXBuildFile; fileRef = CC16BD0B140106D7004AC387 /* OpenLibraClientTests.m */; };
		CC16BD17140106FC004AC387 /* Criteria.h in Headers */ = {isa = PBXBuildFile; fileRef = CC16BD15140106FC004AC387 /* Criteria.h */; settings = {ATTRIBUTES = (Public, ); }; };
		CC16BD18140106FC004AC387 /* Criteria.m in Sources */ = {isa = PBXBuildFile; fileRef = CC16BD16140106FC004AC387 /* Criteria.m */; };
		CC16BD1B14010708004AC387 /* Book.h in Headers */ = {isa = PBXBuildFile; fileRef = CC16BD1914010708004AC387 /* Book.h */; settings = {ATTRIBUTES = (Public, ); }; };
		CC16BD1C14010708004AC387 /* Book.m in Sources */ = {isa = PBXBuildFile; fileRef = CC16BD1A14010708004AC387 /* Book.m */; };
		CC16BD1D14010B3C004AC387 /* OpenLibraClient.h in Headers */ = {isa = PBXBuildFile; fileRef = CC16BCF0140106D7004AC387 /* OpenLibraClient.h */; settings = {ATTRIBUTES = (Public, ); }; };
		CC16BD2014010B8E004AC387 /* CirteriaTests.m in Sources */ = {isa = PBXBuildFile; fileRef = CC16BD1F14010B8E004AC387 /* CirteriaTests.m */; };
		CC16BD3914014F1A004AC387 /* NSObject+SBJson.h in Headers */ = {isa = PBXBuildFile; fileRef = CC16BD2214014F1A004AC387 /* NSObject+SBJson.h */; };
		CC16BD3A14014F1A004AC387 /* NSObject+SBJson.m in Sources */ = {isa = PBXBuildFile; fileRef = CC16BD2314014F1A004AC387 /* NSObject+SBJson.m */; };
		CC16BD3B14014F1A004AC387 /* SBJson.h in Headers */ = {isa = PBXBuildFile; fileRef = CC16BD2414014F1A004AC387 /* SBJson.h */; };
		CC16BD3C14014F1A004AC387 /* SBJsonParser.h in Headers */ = {isa = PBXBuildFile; fileRef = CC16BD2514014F1A004AC387 /* SBJsonParser.h */; };
		CC16BD3D14014F1A004AC387 /* SBJsonParser.m in Sources */ = {isa = PBXBuildFile; fileRef = CC16BD2614014F1A004AC387 /* SBJsonParser.m */; };
		CC16BD3E14014F1A004AC387 /* SBJsonStreamParser.h in Headers */ = {isa = PBXBuildFile; fileRef = CC16BD2714014F1A004AC387 /* SBJsonStreamParser.h */; };
		CC16BD3F14014F1A004AC387 /* SBJsonStreamParser.m in Sources */ = {isa = PBXBuildFile; fileRef = CC16BD2814014F1A004AC387 /* SBJsonStreamParser.m */; };
		CC16BD4014014F1A004AC387 /* SBJsonStreamParserAccumulator.h in Headers */ = {isa = PBXBuildFile; fileRef = CC16BD2914014F1A004AC387 /* SBJsonStreamParserAccumulator.h */; };
		CC16BD4114014F1A004AC387 /* SBJsonStreamParserAccumulator.m in Sources */ = {isa = PBXBuildFile; fileRef = CC16BD2A14014F1A004AC387 /* SBJsonStreamParserAccumulator.m */; };
		CC16BD4214014F1A004AC387 /* SBJsonStreamParserState.h in Headers */ = {isa = PBXBuildFile; fileRef = CC16BD2B14014F1A004AC387 /* SBJsonStreamParserState.h */; };
		CC16BD4314014F1A004AC387 /* SBJsonStreamParserState.m in Sources */ = {isa = PBXBuildFile; fileRef = CC16BD2C14014F1A004AC387 /* SBJsonStreamParserState.m */; };
		CC16BD4414014F1A004AC387 /* SBJsonStreamWriter.h in Headers */ = {isa = PBXBuildFile; fileRef = CC16BD2D14014F1A004AC387 /* SBJsonStreamWriter.h */; };
		CC16BD4514014F1A004AC387 /* SBJsonStreamWriter.m in Sources */ = {isa = PBXBuildFile; fileRef = CC16BD2E14014F1A004AC387 /* SBJsonStreamWriter.m */; };
		CC16BD4614014F1A004AC387 /* SBJsonStreamWriterAccumulator.h in Headers */ = {isa = PBXBuildFile; fileRef = CC16BD2F14014F1A004AC387 /* SBJsonStreamWriterAccumulator.h */; };
		CC16BD4714014F1A004AC387 /* SBJsonStreamWriterAccumulator.m in Sources */ = {isa = PBXBuildFile; fileRef = CC16BD3014014F1A004AC387 /* SBJsonStreamWriterAccumulator.m */; };
		CC16BD4814014F1A004AC387 /* SBJsonStreamWriterState.h in Headers */ = {isa = PBXBuildFile; fileRef = CC16BD3114014F1A004AC387 /* SBJsonStreamWriterState.h */; };
		CC16BD4914014F1A004AC387 /* SBJsonStreamWriterState.m in Sources */ = {isa = PBXBuildFile; fileRef = CC16BD3214014F1A004AC387 /* SBJsonStreamWriterState.m */; };
		CC16BD4A14014F1A004AC387 /* SBJsonTokeniser.h in Headers */ = {isa = PBXBuildFile; fileRef = CC16BD3314014F1A004AC387 /* SBJsonTokeniser.h */; };
		CC16BD4B14014F1A004AC387 /* SBJsonTokeniser.m in Sources */ = {isa = PBXBuildFile; fileRef = CC16BD3414014F1A004AC387 /* SBJsonTokeniser.m */; };
		CC16BD4C14014F1A004AC387 /* SBJsonUTF8Stream.h in Headers */ = {isa = PBXBuildFile; fileRef = CC16BD3514014F1A004AC387 /* SBJsonUTF8Stream.h */; };
		CC16BD4D14014F1A004AC387 /* SBJsonUTF8Stream.m in Sources */ = {isa = PBXBuildFile; fileRef = CC16BD3614014F1A004AC387 /* SBJsonUTF8Stream.m */; };
		CC16BD4E14014F1A004AC387 /* SBJsonWriter.h in Headers */ = {isa = PBXBuildFile; fileRef = CC16BD3714014F1A004AC387 /* SBJsonWriter.h */; };
		CC16BD4F14014F1A004AC387 /* SBJsonWriter.m in Sources */ = {isa = PBXBuildFile; fileRef = CC16BD3814014F1A004AC387 /* SBJsonWriter.m */; };
		CC16BD64140153AF004AC387 /* OpenLibraClient.m in Sources */ = {isa = PBXBuildFile; fileRef = CC16BCF1140106D7004AC387 /* OpenLibraClient.m */; };
		CC16BD65140153B4004AC387 /* Criteria.m in Sources */ = {isa = PBXBuildFile; fileRef = CC16BD16140106FC004AC387 /* Criteria.m */; };
		CC16BD66140153C0004AC387 /* Book.m in Sources */ = {isa = PBXBuildFile; fileRef = CC16BD1A14010708004AC387 /* Book.m */; };
		CC16BD67140153E9004AC387 /* NSObject+SBJson.m in Sources */ = {isa = PBXBuildFile; fileRef = CC16BD2314014F1A004AC387 /* NSObject+SBJson.m */; };
		CC16BD68140153E9004AC387 /* SBJsonParser.m in Sources */ = {isa = PBXBuildFile; fileRef = CC16BD2614014F1A004AC387 /* SBJsonParser.m */; };
		CC16BD69140153E9004AC387 /* SBJsonStreamParser.m in Sources */ = {isa = PBXBuildFile; fileRef = CC16BD2814014F1A004AC387 /* SBJsonStreamParser.m */; };
		CC16BD6A140153E9004AC387 /* SBJsonStreamParserAccumulator.m in Sources */ = {isa = PBXBuildFile; fileRef = CC16BD2A14014F1A004AC387 /* SBJsonStreamParserAccumulator.m */; };
		CC16BD6B140153E9004AC387 /* SBJsonStreamParserState.m in Sources */ = {isa = PBXBuildFile; fileRef = CC16BD2C14014F1A004AC387 /* SBJsonStreamParserState.m */; };
		CC16BD6C140153E9004AC387 /* SBJsonStreamWriter.m in Sources */ = {isa = PBXBuildFile; fileRef = CC16BD2E14014F1A004AC387 /* SBJsonStreamWriter.m */; };
		CC16BD6D140153E9004AC387 /* SBJsonStreamWriterAccumulator.m in Sources */ = {isa = PBXBuildFile; fileRef = CC16BD3014014F1A004AC387 /* SBJsonStreamWriterAccumulator.m */; };
		CC16BD6E140153E9004AC387 /* SBJsonStreamWriterState.m in Sources */ = {isa = PBXBuildFile; fileRef = CC16BD3214014F1A004AC387 /* SBJsonStreamWriterState.m */; };
		CC16BD6F140153E9004AC387 /* SBJsonTokeniser.m in Sources */ = {isa = PBXBuildFile; fileRef = CC16BD3414014F1A004AC387 /* SBJsonTokeniser.m */; };
		CC16BD70140153E9004AC387 /* SBJsonUTF8Stream.m in Sources */ = {isa = PBXBuildFile; fileRef = CC16BD3614014F1A004AC387 /* SBJsonUTF8Stream.m */; };
		CC16BD71140153E9004AC387 /* SBJsonWriter.m in Sources */ = {isa = PBXBuildFile; fileRef = CC16BD3814014F1A004AC387 /* SBJsonWriter.m */; };
		CC16BD7214015404004AC387 /* OpenLibraClient.h in Headers */ = {isa = PBXBuildFile; fileRef = CC16BCF0140106D7004AC387 /* OpenLibraClient.h */; settings = {ATTRIBUTES = (Public, ); }; };
		CC16BD7314015407004AC387 /* Criteria.h in Headers */ = {isa = PBXBuildFile; fileRef = CC16BD15140106FC004AC387 /* Criteria.h */; settings = {ATTRIBUTES = (Public, ); }; };
		CC16BD741401540F004AC387 /* Book.h in Headers */ = {isa = PBXBuildFile; fileRef = CC16BD1914010708004AC387 /* Book.h */; settings = {ATTRIBUTES = (Public, ); }; };
		CC16BD771401543D004AC387 /* Foundation.framework in Frameworks */ = {isa = PBXBuildFile; fileRef = CC16BCEB140106D7004AC387 /* Foundation.framework */; };
/* End PBXBuildFile section */

/* Begin PBXContainerItemProxy section */
		CC16BD00140106D7004AC387 /* PBXContainerItemProxy */ = {
			isa = PBXContainerItemProxy;
			containerPortal = CC16BCDF140106D7004AC387 /* Project object */;
			proxyType = 1;
			remoteGlobalIDString = CC16BCE7140106D7004AC387;
			remoteInfo = OpenLibraClient;
		};
/* End PBXContainerItemProxy section */

/* Begin PBXFileReference section */
		CC16BCE8140106D7004AC387 /* libOpenLibraClient.a */ = {isa = PBXFileReference; explicitFileType = archive.ar; includeInIndex = 0; path = libOpenLibraClient.a; sourceTree = BUILT_PRODUCTS_DIR; };
		CC16BCEB140106D7004AC387 /* Foundation.framework */ = {isa = PBXFileReference; lastKnownFileType = wrapper.framework; name = Foundation.framework; path = System/Library/Frameworks/Foundation.framework; sourceTree = SDKROOT; };
		CC16BCEF140106D7004AC387 /* OpenLibraClient-Prefix.pch */ = {isa = PBXFileReference; lastKnownFileType = sourcecode.c.h; path = "OpenLibraClient-Prefix.pch"; sourceTree = "<group>"; };
		CC16BCF0140106D7004AC387 /* OpenLibraClient.h */ = {isa = PBXFileReference; lastKnownFileType = sourcecode.c.h; path = OpenLibraClient.h; sourceTree = "<group>"; };
		CC16BCF1140106D7004AC387 /* OpenLibraClient.m */ = {isa = PBXFileReference; lastKnownFileType = sourcecode.c.objc; path = OpenLibraClient.m; sourceTree = "<group>"; };
		CC16BCF8140106D7004AC387 /* OpenLibraClientTests.octest */ = {isa = PBXFileReference; explicitFileType = wrapper.cfbundle; includeInIndex = 0; path = OpenLibraClientTests.octest; sourceTree = BUILT_PRODUCTS_DIR; };
		CC16BCF9140106D7004AC387 /* SenTestingKit.framework */ = {isa = PBXFileReference; lastKnownFileType = wrapper.framework; name = SenTestingKit.framework; path = Library/Frameworks/SenTestingKit.framework; sourceTree = DEVELOPER_DIR; };
		CC16BD05140106D7004AC387 /* OpenLibraClientTests-Info.plist */ = {isa = PBXFileReference; lastKnownFileType = text.plist.xml; path = "OpenLibraClientTests-Info.plist"; sourceTree = "<group>"; };
		CC16BD07140106D7004AC387 /* en */ = {isa = PBXFileReference; lastKnownFileType = text.plist.strings; name = en; path = en.lproj/InfoPlist.strings; sourceTree = "<group>"; };
		CC16BD09140106D7004AC387 /* OpenLibraClientTests.h */ = {isa = PBXFileReference; lastKnownFileType = sourcecode.c.h; path = OpenLibraClientTests.h; sourceTree = "<group>"; };
		CC16BD0B140106D7004AC387 /* OpenLibraClientTests.m */ = {isa = PBXFileReference; lastKnownFileType = sourcecode.c.objc; path = OpenLibraClientTests.m; sourceTree = "<group>"; };
		CC16BD15140106FC004AC387 /* Criteria.h */ = {isa = PBXFileReference; fileEncoding = 4; lastKnownFileType = sourcecode.c.h; path = Criteria.h; sourceTree = "<group>"; };
		CC16BD16140106FC004AC387 /* Criteria.m */ = {isa = PBXFileReference; fileEncoding = 4; lastKnownFileType = sourcecode.c.objc; path = Criteria.m; sourceTree = "<group>"; };
		CC16BD1914010708004AC387 /* Book.h */ = {isa = PBXFileReference; fileEncoding = 4; lastKnownFileType = sourcecode.c.h; path = Book.h; sourceTree = "<group>"; };
		CC16BD1A14010708004AC387 /* Book.m */ = {isa = PBXFileReference; fileEncoding = 4; lastKnownFileType = sourcecode.c.objc; path = Book.m; sourceTree = "<group>"; };
		CC16BD1E14010B8E004AC387 /* CirteriaTests.h */ = {isa = PBXFileReference; fileEncoding = 4; lastKnownFileType = sourcecode.c.h; path = CirteriaTests.h; sourceTree = "<group>"; };
		CC16BD1F14010B8E004AC387 /* CirteriaTests.m */ = {isa = PBXFileReference; fileEncoding = 4; lastKnownFileType = sourcecode.c.objc; path = CirteriaTests.m; sourceTree = "<group>"; };
		CC16BD2214014F1A004AC387 /* NSObject+SBJson.h */ = {isa = PBXFileReference; fileEncoding = 4; lastKnownFileType = sourcecode.c.h; name = "NSObject+SBJson.h"; path = "../../../json-framework/Classes/NSObject+SBJson.h"; sourceTree = "<group>"; };
		CC16BD2314014F1A004AC387 /* NSObject+SBJson.m */ = {isa = PBXFileReference; fileEncoding = 4; lastKnownFileType = sourcecode.c.objc; name = "NSObject+SBJson.m"; path = "../../../json-framework/Classes/NSObject+SBJson.m"; sourceTree = "<group>"; };
		CC16BD2414014F1A004AC387 /* SBJson.h */ = {isa = PBXFileReference; fileEncoding = 4; lastKnownFileType = sourcecode.c.h; name = SBJson.h; path = "../../../json-framework/Classes/SBJson.h"; sourceTree = "<group>"; };
		CC16BD2514014F1A004AC387 /* SBJsonParser.h */ = {isa = PBXFileReference; fileEncoding = 4; lastKnownFileType = sourcecode.c.h; name = SBJsonParser.h; path = "../../../json-framework/Classes/SBJsonParser.h"; sourceTree = "<group>"; };
		CC16BD2614014F1A004AC387 /* SBJsonParser.m */ = {isa = PBXFileReference; fileEncoding = 4; lastKnownFileType = sourcecode.c.objc; name = SBJsonParser.m; path = "../../../json-framework/Classes/SBJsonParser.m"; sourceTree = "<group>"; };
		CC16BD2714014F1A004AC387 /* SBJsonStreamParser.h */ = {isa = PBXFileReference; fileEncoding = 4; lastKnownFileType = sourcecode.c.h; name = SBJsonStreamParser.h; path = "../../../json-framework/Classes/SBJsonStreamParser.h"; sourceTree = "<group>"; };
		CC16BD2814014F1A004AC387 /* SBJsonStreamParser.m */ = {isa = PBXFileReference; fileEncoding = 4; lastKnownFileType = sourcecode.c.objc; name = SBJsonStreamParser.m; path = "../../../json-framework/Classes/SBJsonStreamParser.m"; sourceTree = "<group>"; };
		CC16BD2914014F1A004AC387 /* SBJsonStreamParserAccumulator.h */ = {isa = PBXFileReference; fileEncoding = 4; lastKnownFileType = sourcecode.c.h; name = SBJsonStreamParserAccumulator.h; path = "../../../json-framework/Classes/SBJsonStreamParserAccumulator.h"; sourceTree = "<group>"; };
		CC16BD2A14014F1A004AC387 /* SBJsonStreamParserAccumulator.m */ = {isa = PBXFileReference; fileEncoding = 4; lastKnownFileType = sourcecode.c.objc; name = SBJsonStreamParserAccumulator.m; path = "../../../json-framework/Classes/SBJsonStreamParserAccumulator.m"; sourceTree = "<group>"; };
		CC16BD2B14014F1A004AC387 /* SBJsonStreamParserState.h */ = {isa = PBXFileReference; fileEncoding = 4; lastKnownFileType = sourcecode.c.h; name = SBJsonStreamParserState.h; path = "../../../json-framework/Classes/SBJsonStreamParserState.h"; sourceTree = "<group>"; };
		CC16BD2C14014F1A004AC387 /* SBJsonStreamParserState.m */ = {isa = PBXFileReference; fileEncoding = 4; lastKnownFileType = sourcecode.c.objc; name = SBJsonStreamParserState.m; path = "../../../json-framework/Classes/SBJsonStreamParserState.m"; sourceTree = "<group>"; };
		CC16BD2D14014F1A004AC387 /* SBJsonStreamWriter.h */ = {isa = PBXFileReference; fileEncoding = 4; lastKnownFileType = sourcecode.c.h; name = SBJsonStreamWriter.h; path = "../../../json-framework/Classes/SBJsonStreamWriter.h"; sourceTree = "<group>"; };
		CC16BD2E14014F1A004AC387 /* SBJsonStreamWriter.m */ = {isa = PBXFileReference; fileEncoding = 4; lastKnownFileType = sourcecode.c.objc; name = SBJsonStreamWriter.m; path = "../../../json-framework/Classes/SBJsonStreamWriter.m"; sourceTree = "<group>"; };
		CC16BD2F14014F1A004AC387 /* SBJsonStreamWriterAccumulator.h */ = {isa = PBXFileReference; fileEncoding = 4; lastKnownFileType = sourcecode.c.h; name = SBJsonStreamWriterAccumulator.h; path = "../../../json-framework/Classes/SBJsonStreamWriterAccumulator.h"; sourceTree = "<group>"; };
		CC16BD3014014F1A004AC387 /* SBJsonStreamWriterAccumulator.m */ = {isa = PBXFileReference; fileEncoding = 4; lastKnownFileType = sourcecode.c.objc; name = SBJsonStreamWriterAccumulator.m; path = "../../../json-framework/Classes/SBJsonStreamWriterAccumulator.m"; sourceTree = "<group>"; };
		CC16BD3114014F1A004AC387 /* SBJsonStreamWriterState.h */ = {isa = PBXFileReference; fileEncoding = 4; lastKnownFileType = sourcecode.c.h; name = SBJsonStreamWriterState.h; path = "../../../json-framework/Classes/SBJsonStreamWriterState.h"; sourceTree = "<group>"; };
		CC16BD3214014F1A004AC387 /* SBJsonStreamWriterState.m */ = {isa = PBXFileReference; fileEncoding = 4; lastKnownFileType = sourcecode.c.objc; name = SBJsonStreamWriterState.m; path = "../../../json-framework/Classes/SBJsonStreamWriterState.m"; sourceTree = "<group>"; };
		CC16BD3314014F1A004AC387 /* SBJsonTokeniser.h */ = {isa = PBXFileReference; fileEncoding = 4; lastKnownFileType = sourcecode.c.h; name = SBJsonTokeniser.h; path = "../../../json-framework/Classes/SBJsonTokeniser.h"; sourceTree = "<group>"; };
		CC16BD3414014F1A004AC387 /* SBJsonTokeniser.m */ = {isa = PBXFileReference; fileEncoding = 4; lastKnownFileType = sourcecode.c.objc; name = SBJsonTokeniser.m; path = "../../../json-framework/Classes/SBJsonTokeniser.m"; sourceTree = "<group>"; };
		CC16BD3514014F1A004AC387 /* SBJsonUTF8Stream.h */ = {isa = PBXFileReference; fileEncoding = 4; lastKnownFileType = sourcecode.c.h; name = SBJsonUTF8Stream.h; path = "../../../json-framework/Classes/SBJsonUTF8Stream.h"; sourceTree = "<group>"; };
		CC16BD3614014F1A004AC387 /* SBJsonUTF8Stream.m */ = {isa = PBXFileReference; fileEncoding = 4; lastKnownFileType = sourcecode.c.objc; name = SBJsonUTF8Stream.m; path = "../../../json-framework/Classes/SBJsonUTF8Stream.m"; sourceTree = "<group>"; };
		CC16BD3714014F1A004AC387 /* SBJsonWriter.h */ = {isa = PBXFileReference; fileEncoding = 4; lastKnownFileType = sourcecode.c.h; name = SBJsonWriter.h; path = "../../../json-framework/Classes/SBJsonWriter.h"; sourceTree = "<group>"; };
		CC16BD3814014F1A004AC387 /* SBJsonWriter.m */ = {isa = PBXFileReference; fileEncoding = 4; lastKnownFileType = sourcecode.c.objc; name = SBJsonWriter.m; path = "../../../json-framework/Classes/SBJsonWriter.m"; sourceTree = "<group>"; };
		CC16BD5414015396004AC387 /* MacOpenLibraClient.dylib */ = {isa = PBXFileReference; explicitFileType = "compiled.mach-o.dylib"; includeInIndex = 0; path = MacOpenLibraClient.dylib; sourceTree = BUILT_PRODUCTS_DIR; };
		CC16BD5D14015396004AC387 /* MacOpenLibraClient-Prefix.pch */ = {isa = PBXFileReference; lastKnownFileType = sourcecode.c.h; path = "MacOpenLibraClient-Prefix.pch"; sourceTree = "<group>"; };
/* End PBXFileReference section */

/* Begin PBXFrameworksBuildPhase section */
		CC16BCE5140106D7004AC387 /* Frameworks */ = {
			isa = PBXFrameworksBuildPhase;
			buildActionMask = 2147483647;
			files = (
				CC16BCEC140106D7004AC387 /* Foundation.framework in Frameworks */,
			);
			runOnlyForDeploymentPostprocessing = 0;
		};
		CC16BCF4140106D7004AC387 /* Frameworks */ = {
			isa = PBXFrameworksBuildPhase;
			buildActionMask = 2147483647;
			files = (
				CC16BCFA140106D7004AC387 /* SenTestingKit.framework in Frameworks */,
				CC16BCFD140106D7004AC387 /* Foundation.framework in Frameworks */,
				CC16BD02140106D7004AC387 /* libOpenLibraClient.a in Frameworks */,
			);
			runOnlyForDeploymentPostprocessing = 0;
		};
		CC16BD5114015396004AC387 /* Frameworks */ = {
			isa = PBXFrameworksBuildPhase;
			buildActionMask = 2147483647;
			files = (
				CC16BD771401543D004AC387 /* Foundation.framework in Frameworks */,
			);
			runOnlyForDeploymentPostprocessing = 0;
		};
/* End PBXFrameworksBuildPhase section */

/* Begin PBXGroup section */
		CC16BCDD140106D7004AC387 = {
			isa = PBXGroup;
			children = (
				CC16BCED140106D7004AC387 /* OpenLibraClient */,
				CC16BD03140106D7004AC387 /* OpenLibraClientTests */,
				CC16BD5B14015396004AC387 /* MacOpenLibraClient */,
				CC16BCEA140106D7004AC387 /* Frameworks */,
				CC16BCE9140106D7004AC387 /* Products */,
			);
			sourceTree = "<group>";
		};
		CC16BCE9140106D7004AC387 /* Products */ = {
			isa = PBXGroup;
			children = (
				CC16BCE8140106D7004AC387 /* libOpenLibraClient.a */,
				CC16BCF8140106D7004AC387 /* OpenLibraClientTests.octest */,
				CC16BD5414015396004AC387 /* MacOpenLibraClient.dylib */,
			);
			name = Products;
			sourceTree = "<group>";
		};
		CC16BCEA140106D7004AC387 /* Frameworks */ = {
			isa = PBXGroup;
			children = (
				CC16BCEB140106D7004AC387 /* Foundation.framework */,
				CC16BCF9140106D7004AC387 /* SenTestingKit.framework */,
				CC16BD5714015396004AC387 /* Other Frameworks */,
			);
			name = Frameworks;
			sourceTree = "<group>";
		};
		CC16BCED140106D7004AC387 /* OpenLibraClient */ = {
			isa = PBXGroup;
			children = (
				CC16BD2114014EA0004AC387 /* SBJSON */,
				CC16BCF0140106D7004AC387 /* OpenLibraClient.h */,
				CC16BCF1140106D7004AC387 /* OpenLibraClient.m */,
				CC16BD15140106FC004AC387 /* Criteria.h */,
				CC16BD16140106FC004AC387 /* Criteria.m */,
				CC16BD1914010708004AC387 /* Book.h */,
				CC16BD1A14010708004AC387 /* Book.m */,
				CC16BCEE140106D7004AC387 /* Supporting Files */,
			);
			path = OpenLibraClient;
			sourceTree = "<group>";
		};
		CC16BCEE140106D7004AC387 /* Supporting Files */ = {
			isa = PBXGroup;
			children = (
				CC16BCEF140106D7004AC387 /* OpenLibraClient-Prefix.pch */,
			);
			name = "Supporting Files";
			sourceTree = "<group>";
		};
		CC16BD03140106D7004AC387 /* OpenLibraClientTests */ = {
			isa = PBXGroup;
			children = (
				CC16BD09140106D7004AC387 /* OpenLibraClientTests.h */,
				CC16BD0B140106D7004AC387 /* OpenLibraClientTests.m */,
				CC16BD1E14010B8E004AC387 /* CirteriaTests.h */,
				CC16BD1F14010B8E004AC387 /* CirteriaTests.m */,
				CC16BD04140106D7004AC387 /* Supporting Files */,
			);
			path = OpenLibraClientTests;
			sourceTree = "<group>";
		};
		CC16BD04140106D7004AC387 /* Supporting Files */ = {
			isa = PBXGroup;
			children = (
				CC16BD05140106D7004AC387 /* OpenLibraClientTests-Info.plist */,
				CC16BD06140106D7004AC387 /* InfoPlist.strings */,
			);
			name = "Supporting Files";
			sourceTree = "<group>";
		};
		CC16BD2114014EA0004AC387 /* SBJSON */ = {
			isa = PBXGroup;
			children = (
				CC16BD2214014F1A004AC387 /* NSObject+SBJson.h */,
				CC16BD2314014F1A004AC387 /* NSObject+SBJson.m */,
				CC16BD2414014F1A004AC387 /* SBJson.h */,
				CC16BD2514014F1A004AC387 /* SBJsonParser.h */,
				CC16BD2614014F1A004AC387 /* SBJsonParser.m */,
				CC16BD2714014F1A004AC387 /* SBJsonStreamParser.h */,
				CC16BD2814014F1A004AC387 /* SBJsonStreamParser.m */,
				CC16BD2914014F1A004AC387 /* SBJsonStreamParserAccumulator.h */,
				CC16BD2A14014F1A004AC387 /* SBJsonStreamParserAccumulator.m */,
				CC16BD2B14014F1A004AC387 /* SBJsonStreamParserState.h */,
				CC16BD2C14014F1A004AC387 /* SBJsonStreamParserState.m */,
				CC16BD2D14014F1A004AC387 /* SBJsonStreamWriter.h */,
				CC16BD2E14014F1A004AC387 /* SBJsonStreamWriter.m */,
				CC16BD2F14014F1A004AC387 /* SBJsonStreamWriterAccumulator.h */,
				CC16BD3014014F1A004AC387 /* SBJsonStreamWriterAccumulator.m */,
				CC16BD3114014F1A004AC387 /* SBJsonStreamWriterState.h */,
				CC16BD3214014F1A004AC387 /* SBJsonStreamWriterState.m */,
				CC16BD3314014F1A004AC387 /* SBJsonTokeniser.h */,
				CC16BD3414014F1A004AC387 /* SBJsonTokeniser.m */,
				CC16BD3514014F1A004AC387 /* SBJsonUTF8Stream.h */,
				CC16BD3614014F1A004AC387 /* SBJsonUTF8Stream.m */,
				CC16BD3714014F1A004AC387 /* SBJsonWriter.h */,
				CC16BD3814014F1A004AC387 /* SBJsonWriter.m */,
			);
			name = SBJSON;
			sourceTree = "<group>";
		};
		CC16BD5714015396004AC387 /* Other Frameworks */ = {
			isa = PBXGroup;
			children = (
			);
			name = "Other Frameworks";
			sourceTree = "<group>";
		};
		CC16BD5B14015396004AC387 /* MacOpenLibraClient */ = {
			isa = PBXGroup;
			children = (
				CC16BD5C14015396004AC387 /* Supporting Files */,
			);
			path = MacOpenLibraClient;
			sourceTree = "<group>";
		};
		CC16BD5C14015396004AC387 /* Supporting Files */ = {
			isa = PBXGroup;
			children = (
				CC16BD5D14015396004AC387 /* MacOpenLibraClient-Prefix.pch */,
			);
			name = "Supporting Files";
			sourceTree = "<group>";
		};
/* End PBXGroup section */

/* Begin PBXHeadersBuildPhase section */
		CC16BCE6140106D7004AC387 /* Headers */ = {
			isa = PBXHeadersBuildPhase;
			buildActionMask = 2147483647;
			files = (
				CC16BD17140106FC004AC387 /* Criteria.h in Headers */,
				CC16BD1B14010708004AC387 /* Book.h in Headers */,
				CC16BD1D14010B3C004AC387 /* OpenLibraClient.h in Headers */,
				CC16BD3914014F1A004AC387 /* NSObject+SBJson.h in Headers */,
				CC16BD3B14014F1A004AC387 /* SBJson.h in Headers */,
				CC16BD3C14014F1A004AC387 /* SBJsonParser.h in Headers */,
				CC16BD3E14014F1A004AC387 /* SBJsonStreamParser.h in Headers */,
				CC16BD4014014F1A004AC387 /* SBJsonStreamParserAccumulator.h in Headers */,
				CC16BD4214014F1A004AC387 /* SBJsonStreamParserState.h in Headers */,
				CC16BD4414014F1A004AC387 /* SBJsonStreamWriter.h in Headers */,
				CC16BD4614014F1A004AC387 /* SBJsonStreamWriterAccumulator.h in Headers */,
				CC16BD4814014F1A004AC387 /* SBJsonStreamWriterState.h in Headers */,
				CC16BD4A14014F1A004AC387 /* SBJsonTokeniser.h in Headers */,
				CC16BD4C14014F1A004AC387 /* SBJsonUTF8Stream.h in Headers */,
				CC16BD4E14014F1A004AC387 /* SBJsonWriter.h in Headers */,
			);
			runOnlyForDeploymentPostprocessing = 0;
		};
		CC16BD5214015396004AC387 /* Headers */ = {
			isa = PBXHeadersBuildPhase;
			buildActionMask = 2147483647;
			files = (
				CC16BD7214015404004AC387 /* OpenLibraClient.h in Headers */,
				CC16BD7314015407004AC387 /* Criteria.h in Headers */,
				CC16BD741401540F004AC387 /* Book.h in Headers */,
			);
			runOnlyForDeploymentPostprocessing = 0;
		};
/* End PBXHeadersBuildPhase section */

/* Begin PBXNativeTarget section */
		CC16BCE7140106D7004AC387 /* OpenLibraClient */ = {
			isa = PBXNativeTarget;
			buildConfigurationList = CC16BD0F140106D7004AC387 /* Build configuration list for PBXNativeTarget "OpenLibraClient" */;
			buildPhases = (
				CC16BCE4140106D7004AC387 /* Sources */,
				CC16BCE5140106D7004AC387 /* Frameworks */,
				CC16BCE6140106D7004AC387 /* Headers */,
			);
			buildRules = (
			);
			dependencies = (
			);
			name = OpenLibraClient;
			productName = OpenLibraClient;
			productReference = CC16BCE8140106D7004AC387 /* libOpenLibraClient.a */;
			productType = "com.apple.product-type.library.static";
		};
		CC16BCF7140106D7004AC387 /* OpenLibraClientTests */ = {
			isa = PBXNativeTarget;
			buildConfigurationList = CC16BD12140106D7004AC387 /* Build configuration list for PBXNativeTarget "OpenLibraClientTests" */;
			buildPhases = (
				CC16BCF3140106D7004AC387 /* Sources */,
				CC16BCF4140106D7004AC387 /* Frameworks */,
				CC16BCF5140106D7004AC387 /* Resources */,
				CC16BCF6140106D7004AC387 /* ShellScript */,
			);
			buildRules = (
			);
			dependencies = (
				CC16BD01140106D7004AC387 /* PBXTargetDependency */,
			);
			name = OpenLibraClientTests;
			productName = OpenLibraClientTests;
			productReference = CC16BCF8140106D7004AC387 /* OpenLibraClientTests.octest */;
			productType = "com.apple.product-type.bundle";
		};
		CC16BD5314015396004AC387 /* MacOpenLibraClient */ = {
			isa = PBXNativeTarget;
			buildConfigurationList = CC16BD6114015396004AC387 /* Build configuration list for PBXNativeTarget "MacOpenLibraClient" */;
			buildPhases = (
				CC16BD5014015396004AC387 /* Sources */,
				CC16BD5114015396004AC387 /* Frameworks */,
				CC16BD5214015396004AC387 /* Headers */,
			);
			buildRules = (
			);
			dependencies = (
			);
			name = MacOpenLibraClient;
			productName = MacOpenLibraClient;
			productReference = CC16BD5414015396004AC387 /* MacOpenLibraClient.dylib */;
			productType = "com.apple.product-type.library.dynamic";
		};
/* End PBXNativeTarget section */

/* Begin PBXProject section */
		CC16BCDF140106D7004AC387 /* Project object */ = {
			isa = PBXProject;
			buildConfigurationList = CC16BCE2140106D7004AC387 /* Build configuration list for PBXProject "OpenLibraClient" */;
			compatibilityVersion = "Xcode 3.2";
			developmentRegion = English;
			hasScannedForEncodings = 0;
			knownRegions = (
				en,
			);
			mainGroup = CC16BCDD140106D7004AC387;
			productRefGroup = CC16BCE9140106D7004AC387 /* Products */;
			projectDirPath = "";
			projectRoot = "";
			targets = (
				CC16BCE7140106D7004AC387 /* OpenLibraClient */,
				CC16BCF7140106D7004AC387 /* OpenLibraClientTests */,
				CC16BD5314015396004AC387 /* MacOpenLibraClient */,
			);
		};
/* End PBXProject section */

/* Begin PBXResourcesBuildPhase section */
		CC16BCF5140106D7004AC387 /* Resources */ = {
			isa = PBXResourcesBuildPhase;
			buildActionMask = 2147483647;
			files = (
				CC16BD08140106D7004AC387 /* InfoPlist.strings in Resources */,
				CC16BD0A140106D7004AC387 /* OpenLibraClientTests.h in Resources */,
			);
			runOnlyForDeploymentPostprocessing = 0;
		};
/* End PBXResourcesBuildPhase section */

/* Begin PBXShellScriptBuildPhase section */
		CC16BCF6140106D7004AC387 /* ShellScript */ = {
			isa = PBXShellScriptBuildPhase;
			buildActionMask = 2147483647;
			files = (
			);
			inputPaths = (
			);
			outputPaths = (
			);
			runOnlyForDeploymentPostprocessing = 0;
			shellPath = /bin/sh;
			shellScript = "# Run the unit tests in this test bundle.\n\"${SYSTEM_DEVELOPER_DIR}/Tools/RunUnitTests\"\n";
		};
/* End PBXShellScriptBuildPhase section */

/* Begin PBXSourcesBuildPhase section */
		CC16BCE4140106D7004AC387 /* Sources */ = {
			isa = PBXSourcesBuildPhase;
			buildActionMask = 2147483647;
			files = (
				CC16BCF2140106D7004AC387 /* OpenLibraClient.m in Sources */,
				CC16BD18140106FC004AC387 /* Criteria.m in Sources */,
				CC16BD1C14010708004AC387 /* Book.m in Sources */,
				CC16BD3A14014F1A004AC387 /* NSObject+SBJson.m in Sources */,
				CC16BD3D14014F1A004AC387 /* SBJsonParser.m in Sources */,
				CC16BD3F14014F1A004AC387 /* SBJsonStreamParser.m in Sources */,
				CC16BD4114014F1A004AC387 /* SBJsonStreamParserAccumulator.m in Sources */,
				CC16BD4314014F1A004AC387 /* SBJsonStreamParserState.m in Sources */,
				CC16BD4514014F1A004AC387 /* SBJsonStreamWriter.m in Sources */,
				CC16BD4714014F1A004AC387 /* SBJsonStreamWriterAccumulator.m in Sources */,
				CC16BD4914014F1A004AC387 /* SBJsonStreamWriterState.m in Sources */,
				CC16BD4B14014F1A004AC387 /* SBJsonTokeniser.m in Sources */,
				CC16BD4D14014F1A004AC387 /* SBJsonUTF8Stream.m in Sources */,
				CC16BD4F14014F1A004AC387 /* SBJsonWriter.m in Sources */,
			);
			runOnlyForDeploymentPostprocessing = 0;
		};
		CC16BCF3140106D7004AC387 /* Sources */ = {
			isa = PBXSourcesBuildPhase;
			buildActionMask = 2147483647;
			files = (
				CC16BD0C140106D7004AC387 /* OpenLibraClientTests.m in Sources */,
				CC16BD2014010B8E004AC387 /* CirteriaTests.m in Sources */,
			);
			runOnlyForDeploymentPostprocessing = 0;
		};
		CC16BD5014015396004AC387 /* Sources */ = {
			isa = PBXSourcesBuildPhase;
			buildActionMask = 2147483647;
			files = (
				CC16BD67140153E9004AC387 /* NSObject+SBJson.m in Sources */,
				CC16BD68140153E9004AC387 /* SBJsonParser.m in Sources */,
				CC16BD69140153E9004AC387 /* SBJsonStreamParser.m in Sources */,
				CC16BD6A140153E9004AC387 /* SBJsonStreamParserAccumulator.m in Sources */,
				CC16BD6B140153E9004AC387 /* SBJsonStreamParserState.m in Sources */,
				CC16BD6C140153E9004AC387 /* SBJsonStreamWriter.m in Sources */,
				CC16BD6D140153E9004AC387 /* SBJsonStreamWriterAccumulator.m in Sources */,
				CC16BD6E140153E9004AC387 /* SBJsonStreamWriterState.m in Sources */,
				CC16BD6F140153E9004AC387 /* SBJsonTokeniser.m in Sources */,
				CC16BD70140153E9004AC387 /* SBJsonUTF8Stream.m in Sources */,
				CC16BD71140153E9004AC387 /* SBJsonWriter.m in Sources */,
				CC16BD65140153B4004AC387 /* Criteria.m in Sources */,
				CC16BD64140153AF004AC387 /* OpenLibraClient.m in Sources */,
				CC16BD66140153C0004AC387 /* Book.m in Sources */,
			);
			runOnlyForDeploymentPostprocessing = 0;
		};
/* End PBXSourcesBuildPhase section */

/* Begin PBXTargetDependency section */
		CC16BD01140106D7004AC387 /* PBXTargetDependency */ = {
			isa = PBXTargetDependency;
			target = CC16BCE7140106D7004AC387 /* OpenLibraClient */;
			targetProxy = CC16BD00140106D7004AC387 /* PBXContainerItemProxy */;
		};
/* End PBXTargetDependency section */

/* Begin PBXVariantGroup section */
		CC16BD06140106D7004AC387 /* InfoPlist.strings */ = {
			isa = PBXVariantGroup;
			children = (
				CC16BD07140106D7004AC387 /* en */,
			);
			name = InfoPlist.strings;
			sourceTree = "<group>";
		};
/* End PBXVariantGroup section */

/* Begin XCBuildConfiguration section */
		CC16BD0D140106D7004AC387 /* Debug */ = {
			isa = XCBuildConfiguration;
			buildSettings = {
				ALWAYS_SEARCH_USER_PATHS = NO;
				ARCHS = "$(ARCHS_STANDARD_32_BIT)";
				COPY_PHASE_STRIP = NO;
				GCC_C_LANGUAGE_STANDARD = gnu99;
				GCC_DYNAMIC_NO_PIC = NO;
				GCC_OPTIMIZATION_LEVEL = 0;
				GCC_PREPROCESSOR_DEFINITIONS = (
					"DEBUG=1",
					"$(inherited)",
				);
				GCC_SYMBOLS_PRIVATE_EXTERN = NO;
				GCC_VERSION = com.apple.compilers.llvmgcc42;
				GCC_WARN_ABOUT_MISSING_PROTOTYPES = YES;
				GCC_WARN_ABOUT_RETURN_TYPE = YES;
				GCC_WARN_UNUSED_VARIABLE = YES;
				IPHONEOS_DEPLOYMENT_TARGET = 4.3;
				SDKROOT = iphoneos;
			};
			name = Debug;
		};
		CC16BD0E140106D7004AC387 /* Release */ = {
			isa = XCBuildConfiguration;
			buildSettings = {
				ALWAYS_SEARCH_USER_PATHS = NO;
				ARCHS = "$(ARCHS_STANDARD_32_BIT)";
				COPY_PHASE_STRIP = YES;
				GCC_C_LANGUAGE_STANDARD = gnu99;
				GCC_VERSION = com.apple.compilers.llvmgcc42;
				GCC_WARN_ABOUT_MISSING_PROTOTYPES = YES;
				GCC_WARN_ABOUT_RETURN_TYPE = YES;
				GCC_WARN_UNUSED_VARIABLE = YES;
				IPHONEOS_DEPLOYMENT_TARGET = 4.3;
				SDKROOT = iphoneos;
				VALIDATE_PRODUCT = YES;
			};
			name = Release;
		};
		CC16BD10140106D7004AC387 /* Debug */ = {
			isa = XCBuildConfiguration;
			buildSettings = {
				DSTROOT = /tmp/OpenLibraClient.dst;
				GCC_PRECOMPILE_PREFIX_HEADER = YES;
				GCC_PREFIX_HEADER = "OpenLibraClient/OpenLibraClient-Prefix.pch";
				OTHER_LDFLAGS = "-ObjC";
				PRODUCT_NAME = "$(TARGET_NAME)";
				SKIP_INSTALL = YES;
			};
			name = Debug;
		};
		CC16BD11140106D7004AC387 /* Release */ = {
			isa = XCBuildConfiguration;
			buildSettings = {
				DSTROOT = /tmp/OpenLibraClient.dst;
				GCC_PRECOMPILE_PREFIX_HEADER = YES;
				GCC_PREFIX_HEADER = "OpenLibraClient/OpenLibraClient-Prefix.pch";
				OTHER_LDFLAGS = "-ObjC";
				PRODUCT_NAME = "$(TARGET_NAME)";
				SKIP_INSTALL = YES;
			};
			name = Release;
		};
		CC16BD13140106D7004AC387 /* Debug */ = {
			isa = XCBuildConfiguration;
			buildSettings = {
				FRAMEWORK_SEARCH_PATHS = (
					"$(SDKROOT)/Developer/Library/Frameworks",
					"$(DEVELOPER_LIBRARY_DIR)/Frameworks",
				);
				GCC_PRECOMPILE_PREFIX_HEADER = YES;
				GCC_PREFIX_HEADER = "OpenLibraClient/OpenLibraClient-Prefix.pch";
				INFOPLIST_FILE = "OpenLibraClientTests/OpenLibraClientTests-Info.plist";
				PRODUCT_NAME = "$(TARGET_NAME)";
				WRAPPER_EXTENSION = octest;
			};
			name = Debug;
		};
		CC16BD14140106D7004AC387 /* Release */ = {
			isa = XCBuildConfiguration;
			buildSettings = {
				FRAMEWORK_SEARCH_PATHS = (
					"$(SDKROOT)/Developer/Library/Frameworks",
					"$(DEVELOPER_LIBRARY_DIR)/Frameworks",
				);
				GCC_PRECOMPILE_PREFIX_HEADER = YES;
				GCC_PREFIX_HEADER = "OpenLibraClient/OpenLibraClient-Prefix.pch";
				INFOPLIST_FILE = "OpenLibraClientTests/OpenLibraClientTests-Info.plist";
				PRODUCT_NAME = "$(TARGET_NAME)";
				WRAPPER_EXTENSION = octest;
			};
			name = Release;
		};
		CC16BD6214015396004AC387 /* Debug */ = {
			isa = XCBuildConfiguration;
			buildSettings = {
				ARCHS = "$(ARCHS_STANDARD_64_BIT)";
				DYLIB_COMPATIBILITY_VERSION = 1;
				DYLIB_CURRENT_VERSION = 1;
				FRAMEWORK_SEARCH_PATHS = (
					"$(inherited)",
					"\"$(DEVELOPER_FRAMEWORKS_DIR)\"",
				);
				GCC_ENABLE_OBJC_EXCEPTIONS = YES;
				GCC_PRECOMPILE_PREFIX_HEADER = YES;
				GCC_PREFIX_HEADER = "MacOpenLibraClient/MacOpenLibraClient-Prefix.pch";
				GCC_VERSION = com.apple.compilers.llvm.clang.1_0;
				GCC_WARN_64_TO_32_BIT_CONVERSION = YES;
				MACOSX_DEPLOYMENT_TARGET = 10.7;
				ONLY_ACTIVE_ARCH = YES;
				PRODUCT_NAME = "$(TARGET_NAME)";
				SDKROOT = macosx;
			};
			name = Debug;
		};
		CC16BD6314015396004AC387 /* Release */ = {
			isa = XCBuildConfiguration;
			buildSettings = {
				ARCHS = "$(ARCHS_STANDARD_64_BIT)";
				DEBUG_INFORMATION_FORMAT = "dwarf-with-dsym";
				DYLIB_COMPATIBILITY_VERSION = 1;
				DYLIB_CURRENT_VERSION = 1;
				FRAMEWORK_SEARCH_PATHS = (
					"$(inherited)",
					"\"$(DEVELOPER_FRAMEWORKS_DIR)\"",
				);
				GCC_ENABLE_OBJC_EXCEPTIONS = YES;
				GCC_PRECOMPILE_PREFIX_HEADER = YES;
				GCC_PREFIX_HEADER = "MacOpenLibraClient/MacOpenLibraClient-Prefix.pch";
				GCC_VERSION = com.apple.compilers.llvm.clang.1_0;
				GCC_WARN_64_TO_32_BIT_CONVERSION = YES;
				MACOSX_DEPLOYMENT_TARGET = 10.7;
				PRODUCT_NAME = "$(TARGET_NAME)";
				SDKROOT = macosx;
			};
			name = Release;
		};
/* End XCBuildConfiguration section */

/* Begin XCConfigurationList section */
		CC16BCE2140106D7004AC387 /* Build configuration list for PBXProject "OpenLibraClient" */ = {
			isa = XCConfigurationList;
			buildConfigurations = (
				CC16BD0D140106D7004AC387 /* Debug */,
				CC16BD0E140106D7004AC387 /* Release */,
			);
			defaultConfigurationIsVisible = 0;
			defaultConfigurationName = Release;
		};
		CC16BD0F140106D7004AC387 /* Build configuration list for PBXNativeTarget "OpenLibraClient" */ = {
			isa = XCConfigurationList;
			buildConfigurations = (
				CC16BD10140106D7004AC387 /* Debug */,
				CC16BD11140106D7004AC387 /* Release */,
			);
			defaultConfigurationIsVisible = 0;
			defaultConfigurationName = Release;
		};
		CC16BD12140106D7004AC387 /* Build configuration list for PBXNativeTarget "OpenLibraClientTests" */ = {
			isa = XCConfigurationList;
			buildConfigurations = (
				CC16BD13140106D7004AC387 /* Debug */,
				CC16BD14140106D7004AC387 /* Release */,
			);
			defaultConfigurationIsVisible = 0;
			defaultConfigurationName = Release;
		};
		CC16BD6114015396004AC387 /* Build configuration list for PBXNativeTarget "MacOpenLibraClient" */ = {
			isa = XCConfigurationList;
			buildConfigurations = (
				CC16BD6214015396004AC387 /* Debug */,
				CC16BD6314015396004AC387 /* Release */,
			);
			defaultConfigurationIsVisible = 0;
			defaultConfigurationName = Release;
		};
/* End XCConfigurationList section */
	};
	rootObject = CC16BCDF140106D7004AC387 /* Project object */;
}
